
Microsoft Visual Studio Solution File, Format Version 12.00
# Visual Studio Version 17
VisualStudioVersion = 17.4.33103.184
MinimumVisualStudioVersion = 10.0.40219.1
Project("{FAE04EC0-301F-11D3-BF4B-00C04F79EFBC}") = "DesarrolloMTZ", "DesarrolloMTZ\DesarrolloMTZ.csproj", "{FB99D71A-0B90-48AB-8553-9A2E81FA1E2C}"
EndProject
Global
	GlobalSection(SolutionConfigurationPlatforms) = preSolution
		Debug|Any CPU = Debug|Any CPU
		Release|Any CPU = Release|Any CPU
	EndGlobalSection
	GlobalSection(ProjectConfigurationPlatforms) = postSolution
		{FB99D71A-0B90-48AB-8553-9A2E81FA1E2C}.Debug|Any CPU.ActiveCfg = Debug|Any CPU
		{FB99D71A-0B90-48AB-8553-9A2E81FA1E2C}.Debug|Any CPU.Build.0 = Debug|Any CPU
		{FB99D71A-0B90-48AB-8553-9A2E81FA1E2C}.Release|Any CPU.ActiveCfg = Release|Any CPU
		{FB99D71A-0B90-48AB-8553-9A2E81FA1E2C}.Release|Any CPU.Build.0 = Release|Any CPU
	EndGlobalSection
	GlobalSection(SolutionProperties) = preSolution
		HideSolutionNode = FALSE
	EndGlobalSection
	GlobalSection(ExtensibilityGlobals) = postSolution
		SolutionGuid = {CB0D643F-25D0-4A37-8349-F79170267309}
	EndGlobalSection
EndGlobal
